
Microsoft Visual Studio Solution File, Format Version 12.00
# Visual Studio Version 17
VisualStudioVersion = 17.8.34525.116
MinimumVisualStudioVersion = 10.0.40219.1
Project("{9A19103F-16F7-4668-BE54-9A1E7A4F7556}") = "Web", "Web\Web.csproj", "{4D8BB5B7-C1B0-4813-B691-0BD4D9498562}"
EndProject
Project("{9A19103F-16F7-4668-BE54-9A1E7A4F7556}") = "Tests", "Tests\Tests.csproj", "{DBE9CC69-7E09-4823-BF2F-1C354F0E3D92}"
EndProject
Project("{9A19103F-16F7-4668-BE54-9A1E7A4F7556}") = "Shcheduler.Core", "Shcheduler.Core\Shcheduler.Core.csproj", "{EDAD61C2-20BF-4DE7-8935-4E6556AE9124}"
EndProject
Project("{9A19103F-16F7-4668-BE54-9A1E7A4F7556}") = "Shcheduler.Shared", "Shcheduler.Shared\Shcheduler.Shared.csproj", "{0B4845F7-AD87-4F37-8BBA-AAE62F95D1EA}"
EndProject
Project("{9A19103F-16F7-4668-BE54-9A1E7A4F7556}") = "Agent", "Agent\Agent.csproj", "{A8ABD381-8C85-4199-9D5B-9ACFF1231723}"
EndProject
Global
	GlobalSection(SolutionConfigurationPlatforms) = preSolution
		Debug|Any CPU = Debug|Any CPU
		Release|Any CPU = Release|Any CPU
	EndGlobalSection
	GlobalSection(ProjectConfigurationPlatforms) = postSolution
		{4D8BB5B7-C1B0-4813-B691-0BD4D9498562}.Debug|Any CPU.ActiveCfg = Debug|Any CPU
		{4D8BB5B7-C1B0-4813-B691-0BD4D9498562}.Debug|Any CPU.Build.0 = Debug|Any CPU
		{4D8BB5B7-C1B0-4813-B691-0BD4D9498562}.Release|Any CPU.ActiveCfg = Release|Any CPU
		{4D8BB5B7-C1B0-4813-B691-0BD4D9498562}.Release|Any CPU.Build.0 = Release|Any CPU
		{DBE9CC69-7E09-4823-BF2F-1C354F0E3D92}.Debug|Any CPU.ActiveCfg = Debug|Any CPU
		{DBE9CC69-7E09-4823-BF2F-1C354F0E3D92}.Debug|Any CPU.Build.0 = Debug|Any CPU
		{DBE9CC69-7E09-4823-BF2F-1C354F0E3D92}.Release|Any CPU.ActiveCfg = Release|Any CPU
		{DBE9CC69-7E09-4823-BF2F-1C354F0E3D92}.Release|Any CPU.Build.0 = Release|Any CPU
		{EDAD61C2-20BF-4DE7-8935-4E6556AE9124}.Debug|Any CPU.ActiveCfg = Debug|Any CPU
		{EDAD61C2-20BF-4DE7-8935-4E6556AE9124}.Debug|Any CPU.Build.0 = Debug|Any CPU
		{EDAD61C2-20BF-4DE7-8935-4E6556AE9124}.Release|Any CPU.ActiveCfg = Release|Any CPU
		{EDAD61C2-20BF-4DE7-8935-4E6556AE9124}.Release|Any CPU.Build.0 = Release|Any CPU
		{0B4845F7-AD87-4F37-8BBA-AAE62F95D1EA}.Debug|Any CPU.ActiveCfg = Debug|Any CPU
		{0B4845F7-AD87-4F37-8BBA-AAE62F95D1EA}.Debug|Any CPU.Build.0 = Debug|Any CPU
		{0B4845F7-AD87-4F37-8BBA-AAE62F95D1EA}.Release|Any CPU.ActiveCfg = Release|Any CPU
		{0B4845F7-AD87-4F37-8BBA-AAE62F95D1EA}.Release|Any CPU.Build.0 = Release|Any CPU
		{A8ABD381-8C85-4199-9D5B-9ACFF1231723}.Debug|Any CPU.ActiveCfg = Debug|Any CPU
		{A8ABD381-8C85-4199-9D5B-9ACFF1231723}.Debug|Any CPU.Build.0 = Debug|Any CPU
		{A8ABD381-8C85-4199-9D5B-9ACFF1231723}.Release|Any CPU.ActiveCfg = Release|Any CPU
		{A8ABD381-8C85-4199-9D5B-9ACFF1231723}.Release|Any CPU.Build.0 = Release|Any CPU
	EndGlobalSection
	GlobalSection(SolutionProperties) = preSolution
		HideSolutionNode = FALSE
	EndGlobalSection
	GlobalSection(ExtensibilityGlobals) = postSolution
		SolutionGuid = {2C9F2B0E-BD2E-4DCD-A851-EFE6E7D3E4C6}
	EndGlobalSection
EndGlobal
